
Microsoft Visual Studio Solution File, Format Version 12.00
# Visual Studio Version 17
VisualStudioVersion = 17.0.31903.59
MinimumVisualStudioVersion = 10.0.40219.1
Project("{2150E333-8FDC-42A3-9474-1A3956D46DE8}") = "src", "src", "{73FE4AA9-4EBA-439B-8BDF-3ECEC25E861C}"
EndProject
Project("{FAE04EC0-301F-11D3-BF4B-00C04F79EFBC}") = "Domain", "src\Domain\Domain.csproj", "{7543E0B3-D499-4229-B136-E5F8EF755F85}"
EndProject
Project("{FAE04EC0-301F-11D3-BF4B-00C04F79EFBC}") = "Application", "src\Application\Application.csproj", "{A4955308-7679-44CB-A7D8-8C9C2F87305A}"
EndProject
Project("{FAE04EC0-301F-11D3-BF4B-00C04F79EFBC}") = "Infrastructure", "src\Infrastructure\Infrastructure.csproj", "{A2FA1C93-BF68-45F2-A209-2AB411B1597C}"
EndProject
Project("{FAE04EC0-301F-11D3-BF4B-00C04F79EFBC}") = "WebApi", "src\WebApi\WebApi.csproj", "{04C23B31-AD02-423B-AC20-A718D0410452}"
EndProject
Global
	GlobalSection(SolutionConfigurationPlatforms) = preSolution
		Debug|Any CPU = Debug|Any CPU
		Release|Any CPU = Release|Any CPU
	EndGlobalSection
	GlobalSection(SolutionProperties) = preSolution
		HideSolutionNode = FALSE
	EndGlobalSection
	GlobalSection(ProjectConfigurationPlatforms) = postSolution
		{7543E0B3-D499-4229-B136-E5F8EF755F85}.Debug|Any CPU.ActiveCfg = Debug|Any CPU
		{7543E0B3-D499-4229-B136-E5F8EF755F85}.Debug|Any CPU.Build.0 = Debug|Any CPU
		{7543E0B3-D499-4229-B136-E5F8EF755F85}.Release|Any CPU.ActiveCfg = Release|Any CPU
		{7543E0B3-D499-4229-B136-E5F8EF755F85}.Release|Any CPU.Build.0 = Release|Any CPU
		{A4955308-7679-44CB-A7D8-8C9C2F87305A}.Debug|Any CPU.ActiveCfg = Debug|Any CPU
		{A4955308-7679-44CB-A7D8-8C9C2F87305A}.Debug|Any CPU.Build.0 = Debug|Any CPU
		{A4955308-7679-44CB-A7D8-8C9C2F87305A}.Release|Any CPU.ActiveCfg = Release|Any CPU
		{A4955308-7679-44CB-A7D8-8C9C2F87305A}.Release|Any CPU.Build.0 = Release|Any CPU
		{A2FA1C93-BF68-45F2-A209-2AB411B1597C}.Debug|Any CPU.ActiveCfg = Debug|Any CPU
		{A2FA1C93-BF68-45F2-A209-2AB411B1597C}.Debug|Any CPU.Build.0 = Debug|Any CPU
		{A2FA1C93-BF68-45F2-A209-2AB411B1597C}.Release|Any CPU.ActiveCfg = Release|Any CPU
		{A2FA1C93-BF68-45F2-A209-2AB411B1597C}.Release|Any CPU.Build.0 = Release|Any CPU
		{04C23B31-AD02-423B-AC20-A718D0410452}.Debug|Any CPU.ActiveCfg = Debug|Any CPU
		{04C23B31-AD02-423B-AC20-A718D0410452}.Debug|Any CPU.Build.0 = Debug|Any CPU
		{04C23B31-AD02-423B-AC20-A718D0410452}.Release|Any CPU.ActiveCfg = Release|Any CPU
		{04C23B31-AD02-423B-AC20-A718D0410452}.Release|Any CPU.Build.0 = Release|Any CPU
	EndGlobalSection
	GlobalSection(NestedProjects) = preSolution
		{7543E0B3-D499-4229-B136-E5F8EF755F85} = {73FE4AA9-4EBA-439B-8BDF-3ECEC25E861C}
		{A4955308-7679-44CB-A7D8-8C9C2F87305A} = {73FE4AA9-4EBA-439B-8BDF-3ECEC25E861C}
		{A2FA1C93-BF68-45F2-A209-2AB411B1597C} = {73FE4AA9-4EBA-439B-8BDF-3ECEC25E861C}
		{04C23B31-AD02-423B-AC20-A718D0410452} = {73FE4AA9-4EBA-439B-8BDF-3ECEC25E861C}
	EndGlobalSection
EndGlobal
